
Microsoft Visual Studio Solution File, Format Version 12.00
Project("{FAE04EC0-301F-11D3-BF4B-00C04F79EFBC}") = "Blaz_game", "Blaz_game\Blaz_game.csproj", "{D2CF46F8-E998-48C7-9733-C1EC413D94E0}"
EndProject
Global
	GlobalSection(SolutionConfigurationPlatforms) = preSolution
		Debug|Any CPU = Debug|Any CPU
		Release|Any CPU = Release|Any CPU
	EndGlobalSection
	GlobalSection(ProjectConfigurationPlatforms) = postSolution
		{D2CF46F8-E998-48C7-9733-C1EC413D94E0}.Debug|Any CPU.ActiveCfg = Debug|Any CPU
		{D2CF46F8-E998-48C7-9733-C1EC413D94E0}.Debug|Any CPU.Build.0 = Debug|Any CPU
		{D2CF46F8-E998-48C7-9733-C1EC413D94E0}.Release|Any CPU.ActiveCfg = Release|Any CPU
		{D2CF46F8-E998-48C7-9733-C1EC413D94E0}.Release|Any CPU.Build.0 = Release|Any CPU
	EndGlobalSection
EndGlobal
